{
  "name": "spotlight-mobile",
  "lockfileVersion": 2,
  "requires": true,
  "packages": {
    "": {
      "dependencies": {
        "@capacitor/push-notifications": "^4.1.2"
      }
    },
    "node_modules/@capacitor/core": {
      "version": "4.5.0",
      "resolved": "https://registry.npmjs.org/@capacitor/core/-/core-4.5.0.tgz",
      "integrity": "sha512-afx+hvQIrPcHbTdsBIryE96JlfSt1Rw8cWhb1J34v6Exje6zQZQa3fQZ6gcgkON+zkDIK8u3yRcIps0xMUdsMQ==",
      "peer": true,
      "dependencies": {
        "tslib": "^2.1.0"
      }
    },
    "node_modules/@capacitor/push-notifications": {
      "version": "4.1.2",
      "resolved": "https://registry.npmjs.org/@capacitor/push-notifications/-/push-notifications-4.1.2.tgz",
      "integrity": "sha512-ok6CGvedwK1azmf8VWhrNlg6jhi4PFz3HoyS0GNE2ew7+JGnxN77sgK5q1TVzdkge+vkqipO6uu5bD1xfj/pWQ==",
      "peerDependencies": {
        "@capacitor/core": "^4.0.0"
      }
    },
    "node_modules/tslib": {
      "version": "2.4.1",
      "resolved": "https://registry.npmjs.org/tslib/-/tslib-2.4.1.tgz",
      "integrity": "sha512-tGyy4dAjRIEwI7BzsB0lynWgOpfqjUdq91XXAlIWD2OwKBH7oCl/GZG/HT4BOHrTlPMOASlMQ7veyTqpmRcrNA==",
      "peer": true
    }
  },
  "dependencies": {
    "@capacitor/core": {
      "version": "4.5.0",
      "resolved": "https://registry.npmjs.org/@capacitor/core/-/core-4.5.0.tgz",
      "integrity": "sha512-afx+hvQIrPcHbTdsBIryE96JlfSt1Rw8cWhb1J34v6Exje6zQZQa3fQZ6gcgkON+zkDIK8u3yRcIps0xMUdsMQ==",
      "peer": true,
      "requires": {
        "tslib": "^2.1.0"
      }
    },
    "@capacitor/push-notifications": {
      "version": "4.1.2",
      "resolved": "https://registry.npmjs.org/@capacitor/push-notifications/-/push-notifications-4.1.2.tgz",
      "integrity": "sha512-ok6CGvedwK1azmf8VWhrNlg6jhi4PFz3HoyS0GNE2ew7+JGnxN77sgK5q1TVzdkge+vkqipO6uu5bD1xfj/pWQ==",
      "requires": {}
    },
    "tslib": {
      "version": "2.4.1",
      "resolved": "https://registry.npmjs.org/tslib/-/tslib-2.4.1.tgz",
      "integrity": "sha512-tGyy4dAjRIEwI7BzsB0lynWgOpfqjUdq91XXAlIWD2OwKBH7oCl/GZG/HT4BOHrTlPMOASlMQ7veyTqpmRcrNA==",
      "peer": true
    }
  }
}
